// !$*UTF8*$!
{
	archiveVersion = 1;
	classes = {
	};
	objectVersion = 46;
	objects = {

/* Begin PBXBuildFile section */
		1BE69C921D3B133400E466E9 /* main.m in Sources */ = {isa = PBXBuildFile; fileRef = 1BE69C911D3B133400E466E9 /* main.m */; };
		1BE69C951D3B133400E466E9 /* AppDelegate.m in Sources */ = {isa = PBXBuildFile; fileRef = 1BE69C941D3B133400E466E9 /* AppDelegate.m */; };
		1BE69C981D3B133400E466E9 /* ViewController.m in Sources */ = {isa = PBXBuildFile; fileRef = 1BE69C971D3B133400E466E9 /* ViewController.m */; };
		1BE69C9B1D3B133400E466E9 /* Main.storyboard in Resources */ = {isa = PBXBuildFile; fileRef = 1BE69C991D3B133400E466E9 /* Main.storyboard */; };
		1BE69C9D1D3B133400E466E9 /* Images.xcassets in Resources */ = {isa = PBXBuildFile; fileRef = 1BE69C9C1D3B133400E466E9 /* Images.xcassets */; };
		1BE69CA01D3B133400E466E9 /* LaunchScreen.xib in Resources */ = {isa = PBXBuildFile; fileRef = 1BE69C9E1D3B133400E466E9 /* LaunchScreen.xib */; };
		1BE69CAC1D3B133400E466E9 /* NSOperationTests.m in Sources */ = {isa = PBXBuildFile; fileRef = 1BE69CAB1D3B133400E466E9 /* NSOperationTests.m */; };
/* End PBXBuildFile section */

/* Begin PBXContainerItemProxy section */
		1BE69CA61D3B133400E466E9 /* PBXContainerItemProxy */ = {
			isa = PBXContainerItemProxy;
			containerPortal = 1BE69C841D3B133400E466E9 /* Project object */;
			proxyType = 1;
			remoteGlobalIDString = 1BE69C8B1D3B133400E466E9;
			remoteInfo = NSOperation;
		};
/* End PBXContainerItemProxy section */

/* Begin PBXFileReference section */
		1BE69C8C1D3B133400E466E9 /* NSOperation.app */ = {isa = PBXFileReference; explicitFileType = wrapper.application; includeInIndex = 0; path = NSOperation.app; sourceTree = BUILT_PRODUCTS_DIR; };
		1BE69C901D3B133400E466E9 /* Info.plist */ = {isa = PBXFileReference; lastKnownFileType = text.plist.xml; path = Info.plist; sourceTree = "<group>"; };
		1BE69C911D3B133400E466E9 /* main.m */ = {isa = PBXFileReference; lastKnownFileType = sourcecode.c.objc; path = main.m; sourceTree = "<group>"; };
		1BE69C931D3B133400E466E9 /* AppDelegate.h */ = {isa = PBXFileReference; lastKnownFileType = sourcecode.c.h; path = AppDelegate.h; sourceTree = "<group>"; };
		1BE69C941D3B133400E466E9 /* AppDelegate.m */ = {isa = PBXFileReference; lastKnownFileType = sourcecode.c.objc; path = AppDelegate.m; sourceTree = "<group>"; };
		1BE69C961D3B133400E466E9 /* ViewController.h */ = {isa = PBXFileReference; lastKnownFileType = sourcecode.c.h; path = ViewController.h; sourceTree = "<group>"; };
		1BE69C971D3B133400E466E9 /* ViewController.m */ = {isa = PBXFileReference; lastKnownFileType = sourcecode.c.objc; path = ViewController.m; sourceTree = "<group>"; };
		1BE69C9A1D3B133400E466E9 /* Base */ = {isa = PBXFileReference; lastKnownFileType = file.storyboard; name = Base; path = Base.lproj/Main.storyboard; sourceTree = "<group>"; };
		1BE69C9C1D3B133400E466E9 /* Images.xcassets */ = {isa = PBXFileReference; lastKnownFileType = folder.assetcatalog; path = Images.xcassets; sourceTree = "<group>"; };
		1BE69C9F1D3B133400E466E9 /* Base */ = {isa = PBXFileReference; lastKnownFileType = file.xib; name = Base; path = Base.lproj/LaunchScreen.xib; sourceTree = "<group>"; };
		1BE69CA51D3B133400E466E9 /* NSOperationTests.xctest */ = {isa = PBXFileReference; explicitFileType = wrapper.cfbundle; includeInIndex = 0; path = NSOperationTests.xctest; sourceTree = BUILT_PRODUCTS_DIR; };
		1BE69CAA1D3B133400E466E9 /* Info.plist */ = {isa = PBXFileReference; lastKnownFileType = text.plist.xml; path = Info.plist; sourceTree = "<group>"; };
		1BE69CAB1D3B133400E466E9 /* NSOperationTests.m */ = {isa = PBXFileReference; lastKnownFileType = sourcecode.c.objc; path = NSOperationTests.m; sourceTree = "<group>"; };
/* End PBXFileReference section */

/* Begin PBXFrameworksBuildPhase section */
		1BE69C891D3B133400E466E9 /* Frameworks */ = {
			isa = PBXFrameworksBuildPhase;
			buildActionMask = 2147483647;
			files = (
			);
			runOnlyForDeploymentPostprocessing = 0;
		};
		1BE69CA21D3B133400E466E9 /* Frameworks */ = {
			isa = PBXFrameworksBuildPhase;
			buildActionMask = 2147483647;
			files = (
			);
			runOnlyForDeploymentPostprocessing = 0;
		};
/* End PBXFrameworksBuildPhase section */

/* Begin PBXGroup section */
		1BE69C831D3B133400E466E9 = {
			isa = PBXGroup;
			children = (
				1BE69C8E1D3B133400E466E9 /* NSOperation */,
				1BE69CA81D3B133400E466E9 /* NSOperationTests */,
				1BE69C8D1D3B133400E466E9 /* Products */,
			);
			sourceTree = "<group>";
		};
		1BE69C8D1D3B133400E466E9 /* Products */ = {
			isa = PBXGroup;
			children = (
				1BE69C8C1D3B133400E466E9 /* NSOperation.app */,
				1BE69CA51D3B133400E466E9 /* NSOperationTests.xctest */,
			);
			name = Products;
			sourceTree = "<group>";
		};
		1BE69C8E1D3B133400E466E9 /* NSOperation */ = {
			isa = PBXGroup;
			children = (
				1BE69C931D3B133400E466E9 /* AppDelegate.h */,
				1BE69C941D3B133400E466E9 /* AppDelegate.m */,
				1BE69C961D3B133400E466E9 /* ViewController.h */,
				1BE69C971D3B133400E466E9 /* ViewController.m */,
				1BE69C991D3B133400E466E9 /* Main.storyboard */,
				1BE69C9C1D3B133400E466E9 /* Images.xcassets */,
				1BE69C9E1D3B133400E466E9 /* LaunchScreen.xib */,
				1BE69C8F1D3B133400E466E9 /* Supporting Files */,
			);
			path = NSOperation;
			sourceTree = "<group>";
		};
		1BE69C8F1D3B133400E466E9 /* Supporting Files */ = {
			isa = PBXGroup;
			children = (
				1BE69C901D3B133400E466E9 /* Info.plist */,
				1BE69C911D3B133400E466E9 /* main.m */,
			);
			name = "Supporting Files";
			sourceTree = "<group>";
		};
		1BE69CA81D3B133400E466E9 /* NSOperationTests */ = {
			isa = PBXGroup;
			children = (
				1BE69CAB1D3B133400E466E9 /* NSOperationTests.m */,
				1BE69CA91D3B133400E466E9 /* Supporting Files */,
			);
			path = NSOperationTests;
			sourceTree = "<group>";
		};
		1BE69CA91D3B133400E466E9 /* Supporting Files */ = {
			isa = PBXGroup;
			children = (
				1BE69CAA1D3B133400E466E9 /* Info.plist */,
			);
			name = "Supporting Files";
			sourceTree = "<group>";
		};
/* End PBXGroup section */

/* Begin PBXNativeTarget section */
		1BE69C8B1D3B133400E466E9 /* NSOperation */ = {
			isa = PBXNativeTarget;
			buildConfigurationList = 1BE69CAF1D3B133400E466E9 /* Build configuration list for PBXNativeTarget "NSOperation" */;
			buildPhases = (
				1BE69C881D3B133400E466E9 /* Sources */,
				1BE69C891D3B133400E466E9 /* Frameworks */,
				1BE69C8A1D3B133400E466E9 /* Resources */,
			);
			buildRules = (
			);
			dependencies = (
			);
			name = NSOperation;
			productName = NSOperation;
			productReference = 1BE69C8C1D3B133400E466E9 /* NSOperation.app */;
			productType = "com.apple.product-type.application";
		};
		1BE69CA41D3B133400E466E9 /* NSOperationTests */ = {
			isa = PBXNativeTarget;
			buildConfigurationList = 1BE69CB21D3B133400E466E9 /* Build configuration list for PBXNativeTarget "NSOperationTests" */;
			buildPhases = (
				1BE69CA11D3B133400E466E9 /* Sources */,
				1BE69CA21D3B133400E466E9 /* Frameworks */,
				1BE69CA31D3B133400E466E9 /* Resources */,
			);
			buildRules = (
			);
			dependencies = (
				1BE69CA71D3B133400E466E9 /* PBXTargetDependency */,
			);
			name = NSOperationTests;
			productName = NSOperationTests;
			productReference = 1BE69CA51D3B133400E466E9 /* NSOperationTests.xctest */;
			productType = "com.apple.product-type.bundle.unit-test";
		};
/* End PBXNativeTarget section */

/* Begin PBXProject section */
		1BE69C841D3B133400E466E9 /* Project object */ = {
			isa = PBXProject;
			attributes = {
				LastUpgradeCheck = 0640;
				ORGANIZATIONNAME = asus;
				TargetAttributes = {
					1BE69C8B1D3B133400E466E9 = {
						CreatedOnToolsVersion = 6.4;
					};
					1BE69CA41D3B133400E466E9 = {
						CreatedOnToolsVersion = 6.4;
						TestTargetID = 1BE69C8B1D3B133400E466E9;
					};
				};
			};
			buildConfigurationList = 1BE69C871D3B133400E466E9 /* Build configuration list for PBXProject "NSOperation" */;
			compatibilityVersion = "Xcode 3.2";
			developmentRegion = English;
			hasScannedForEncodings = 0;
			knownRegions = (
				en,
				Base,
			);
			mainGroup = 1BE69C831D3B133400E466E9;
			productRefGroup = 1BE69C8D1D3B133400E466E9 /* Products */;
			projectDirPath = "";
			projectRoot = "";
			targets = (
				1BE69C8B1D3B133400E466E9 /* NSOperation */,
				1BE69CA41D3B133400E466E9 /* NSOperationTests */,
			);
		};
/* End PBXProject section */

/* Begin PBXResourcesBuildPhase section */
		1BE69C8A1D3B133400E466E9 /* Resources */ = {
			isa = PBXResourcesBuildPhase;
			buildActionMask = 2147483647;
			files = (
				1BE69C9B1D3B133400E466E9 /* Main.storyboard in Resources */,
				1BE69CA01D3B133400E466E9 /* LaunchScreen.xib in Resources */,
				1BE69C9D1D3B133400E466E9 /* Images.xcassets in Resources */,
			);
			runOnlyForDeploymentPostprocessing = 0;
		};
		1BE69CA31D3B133400E466E9 /* Resources */ = {
			isa = PBXResourcesBuildPhase;
			buildActionMask = 2147483647;
			files = (
			);
			runOnlyForDeploymentPostprocessing = 0;
		};
/* End PBXResourcesBuildPhase section */

/* Begin PBXSourcesBuildPhase section */
		1BE69C881D3B133400E466E9 /* Sources */ = {
			isa = PBXSourcesBuildPhase;
			buildActionMask = 2147483647;
			files = (
				1BE69C981D3B133400E466E9 /* ViewController.m in Sources */,
				1BE69C951D3B133400E466E9 /* AppDelegate.m in Sources */,
				1BE69C921D3B133400E466E9 /* main.m in Sources */,
			);
			runOnlyForDeploymentPostprocessing = 0;
		};
		1BE69CA11D3B133400E466E9 /* Sources */ = {
			isa = PBXSourcesBuildPhase;
			buildActionMask = 2147483647;
			files = (
				1BE69CAC1D3B133400E466E9 /* NSOperationTests.m in Sources */,
			);
			runOnlyForDeploymentPostprocessing = 0;
		};
/* End PBXSourcesBuildPhase section */

/* Begin PBXTargetDependency section */
		1BE69CA71D3B133400E466E9 /* PBXTargetDependency */ = {
			isa = PBXTargetDependency;
			target = 1BE69C8B1D3B133400E466E9 /* NSOperation */;
			targetProxy = 1BE69CA61D3B133400E466E9 /* PBXContainerItemProxy */;
		};
/* End PBXTargetDependency section */

/* Begin PBXVariantGroup section */
		1BE69C991D3B133400E466E9 /* Main.storyboard */ = {
			isa = PBXVariantGroup;
			children = (
				1BE69C9A1D3B133400E466E9 /* Base */,
			);
			name = Main.storyboard;
			sourceTree = "<group>";
		};
		1BE69C9E1D3B133400E466E9 /* LaunchScreen.xib */ = {
			isa = PBXVariantGroup;
			children = (
				1BE69C9F1D3B133400E466E9 /* Base */,
			);
			name = LaunchScreen.xib;
			sourceTree = "<group>";
		};
/* End PBXVariantGroup section */

/* Begin XCBuildConfiguration section */
		1BE69CAD1D3B133400E466E9 /* Debug */ = {
			isa = XCBuildConfiguration;
			buildSettings = {
				ALWAYS_SEARCH_USER_PATHS = NO;
				CLANG_CXX_LANGUAGE_STANDARD = "gnu++0x";
				CLANG_CXX_LIBRARY = "libc++";
				CLANG_ENABLE_MODULES = YES;
				CLANG_ENABLE_OBJC_ARC = YES;
				CLANG_WARN_BOOL_CONVERSION = YES;
				CLANG_WARN_CONSTANT_CONVERSION = YES;
				CLANG_WARN_DIRECT_OBJC_ISA_USAGE = YES_ERROR;
				CLANG_WARN_EMPTY_BODY = YES;
				CLANG_WARN_ENUM_CONVERSION = YES;
				CLANG_WARN_INT_CONVERSION = YES;
				CLANG_WARN_OBJC_ROOT_CLASS = YES_ERROR;
				CLANG_WARN_UNREACHABLE_CODE = YES;
				CLANG_WARN__DUPLICATE_METHOD_MATCH = YES;
				"CODE_SIGN_IDENTITY[sdk=iphoneos*]" = "iPhone Developer";
				COPY_PHASE_STRIP = NO;
				DEBUG_INFORMATION_FORMAT = "dwarf-with-dsym";
				ENABLE_STRICT_OBJC_MSGSEND = YES;
				GCC_C_LANGUAGE_STANDARD = gnu99;
				GCC_DYNAMIC_NO_PIC = NO;
				GCC_NO_COMMON_BLOCKS = YES;
				GCC_OPTIMIZATION_LEVEL = 0;
				GCC_PREPROCESSOR_DEFINITIONS = (
					"DEBUG=1",
					"$(inherited)",
				);
				GCC_SYMBOLS_PRIVATE_EXTERN = NO;
				GCC_WARN_64_TO_32_BIT_CONVERSION = YES;
				GCC_WARN_ABOUT_RETURN_TYPE = YES_ERROR;
				GCC_WARN_UNDECLARED_SELECTOR = YES;
				GCC_WARN_UNINITIALIZED_AUTOS = YES_AGGRESSIVE;
				GCC_WARN_UNUSED_FUNCTION = YES;
				GCC_WARN_UNUSED_VARIABLE = YES;
				IPHONEOS_DEPLOYMENT_TARGET = 8.4;
				MTL_ENABLE_DEBUG_INFO = YES;
				ONLY_ACTIVE_ARCH = YES;
				SDKROOT = iphoneos;
			};
			name = Debug;
		};
		1BE69CAE1D3B133400E466E9 /* Release */ = {
			isa = XCBuildConfiguration;
			buildSettings = {
				ALWAYS_SEARCH_USER_PATHS = NO;
				CLANG_CXX_LANGUAGE_STANDARD = "gnu++0x";
				CLANG_CXX_LIBRARY = "libc++";
				CLANG_ENABLE_MODULES = YES;
				CLANG_ENABLE_OBJC_ARC = YES;
				CLANG_WARN_BOOL_CONVERSION = YES;
				CLANG_WARN_CONSTANT_CONVERSION = YES;
				CLANG_WARN_DIRECT_OBJC_ISA_USAGE = YES_ERROR;
				CLANG_WARN_EMPTY_BODY = YES;
				CLANG_WARN_ENUM_CONVERSION = YES;
				CLANG_WARN_INT_CONVERSION = YES;
				CLANG_WARN_OBJC_ROOT_CLASS = YES_ERROR;
				CLANG_WARN_UNREACHABLE_CODE = YES;
				CLANG_WARN__DUPLICATE_METHOD_MATCH = YES;
				"CODE_SIGN_IDENTITY[sdk=iphoneos*]" = "iPhone Developer";
				COPY_PHASE_STRIP = NO;
				DEBUG_INFORMATION_FORMAT = "dwarf-with-dsym";
				ENABLE_NS_ASSERTIONS = NO;
				ENABLE_STRICT_OBJC_MSGSEND = YES;
				GCC_C_LANGUAGE_STANDARD = gnu99;
				GCC_NO_COMMON_BLOCKS = YES;
				GCC_WARN_64_TO_32_BIT_CONVERSION = YES;
				GCC_WARN_ABOUT_RETURN_TYPE = YES_ERROR;
				GCC_WARN_UNDECLARED_SELECTOR = YES;
				GCC_WARN_UNINITIALIZED_AUTOS = YES_AGGRESSIVE;
				GCC_WARN_UNUSED_FUNCTION = YES;
				GCC_WARN_UNUSED_VARIABLE = YES;
				IPHONEOS_DEPLOYMENT_TARGET = 8.4;
				MTL_ENABLE_DEBUG_INFO = NO;
				SDKROOT = iphoneos;
				VALIDATE_PRODUCT = YES;
			};
			name = Release;
		};
		1BE69CB01D3B133400E466E9 /* Debug */ = {
			isa = XCBuildConfiguration;
			buildSettings = {
				ASSETCATALOG_COMPILER_APPICON_NAME = AppIcon;
				INFOPLIST_FILE = NSOperation/Info.plist;
				LD_RUNPATH_SEARCH_PATHS = "$(inherited) @executable_path/Frameworks";
				PRODUCT_NAME = "$(TARGET_NAME)";
			};
			name = Debug;
		};
		1BE69CB11D3B133400E466E9 /* Release */ = {
			isa = XCBuildConfiguration;
			buildSettings = {
				ASSETCATALOG_COMPILER_APPICON_NAME = AppIcon;
				INFOPLIST_FILE = NSOperation/Info.plist;
				LD_RUNPATH_SEARCH_PATHS = "$(inherited) @executable_path/Frameworks";
				PRODUCT_NAME = "$(TARGET_NAME)";
			};
			name = Release;
		};
		1BE69CB31D3B133400E466E9 /* Debug */ = {
			isa = XCBuildConfiguration;
			buildSettings = {
				BUNDLE_LOADER = "$(TEST_HOST)";
				FRAMEWORK_SEARCH_PATHS = (
					"$(SDKROOT)/Developer/Library/Frameworks",
					"$(inherited)",
				);
				GCC_PREPROCESSOR_DEFINITIONS = (
					"DEBUG=1",
					"$(inherited)",
				);
				INFOPLIST_FILE = NSOperationTests/Info.plist;
				LD_RUNPATH_SEARCH_PATHS = "$(inherited) @executable_path/Frameworks @loader_path/Frameworks";
				PRODUCT_NAME = "$(TARGET_NAME)";
				TEST_HOST = "$(BUILT_PRODUCTS_DIR)/NSOperation.app/NSOperation";
			};
			name = Debug;
		};
		1BE69CB41D3B133400E466E9 /* Release */ = {
			isa = XCBuildConfiguration;
			buildSettings = {
				BUNDLE_LOADER = "$(TEST_HOST)";
				FRAMEWORK_SEARCH_PATHS = (
					"$(SDKROOT)/Developer/Library/Frameworks",
					"$(inherited)",
				);
				INFOPLIST_FILE = NSOperationTests/Info.plist;
				LD_RUNPATH_SEARCH_PATHS = "$(inherited) @executable_path/Frameworks @loader_path/Frameworks";
				PRODUCT_NAME = "$(TARGET_NAME)";
				TEST_HOST = "$(BUILT_PRODUCTS_DIR)/NSOperation.app/NSOperation";
			};
			name = Release;
		};
/* End XCBuildConfiguration section */

/* Begin XCConfigurationList section */
		1BE69C871D3B133400E466E9 /* Build configuration list for PBXProject "NSOperation" */ = {
			isa = XCConfigurationList;
			buildConfigurations = (
				1BE69CAD1D3B133400E466E9 /* Debug */,
				1BE69CAE1D3B133400E466E9 /* Release */,
			);
			defaultConfigurationIsVisible = 0;
			defaultConfigurationName = Release;
		};
		1BE69CAF1D3B133400E466E9 /* Build configuration list for PBXNativeTarget "NSOperation" */ = {
			isa = XCConfigurationList;
			buildConfigurations = (
				1BE69CB01D3B133400E466E9 /* Debug */,
				1BE69CB11D3B133400E466E9 /* Release */,
			);
			defaultConfigurationIsVisible = 0;
		};
		1BE69CB21D3B133400E466E9 /* Build configuration list for PBXNativeTarget "NSOperationTests" */ = {
			isa = XCConfigurationList;
			buildConfigurations = (
				1BE69CB31D3B133400E466E9 /* Debug */,
				1BE69CB41D3B133400E466E9 /* Release */,
			);
			defaultConfigurationIsVisible = 0;
		};
/* End XCConfigurationList section */
	};
	rootObject = 1BE69C841D3B133400E466E9 /* Project object */;
}
